PODS:
  - BuglyPro (2.7.53.2)

DEPENDENCIES:
  - BuglyPro (from `https://raw.githubusercontent.com/BuglyDevTeam/BuglyPro-iOS/main/BuglyPro.podspec`)

EXTERNAL SOURCES:
  BuglyPro:
    :podspec: https://raw.githubusercontent.com/BuglyDevTeam/BuglyPro-iOS/main/BuglyPro.podspec

SPEC CHECKSUMS:
  BuglyPro: 3eada55d1f0d10a20703ec26f102a66ec2f49956

PODFILE CHECKSUM: d6d1dfa466255f8b617dca2e9938c57d3c8a685e

COCOAPODS: 1.12.1
